
Microsoft Visual Studio Solution File, Format Version 12.00
# Visual Studio Version 16
VisualStudioVersion = 16.0.31424.327
MinimumVisualStudioVersion = 10.0.40219.1
Project("{FAE04EC0-301F-11D3-BF4B-00C04F79EFBC}") = "eCommanLib", "eCommanLib\eCommanLib.csproj", "{EEA38B8F-7362-485F-BB98-939913C6E90D}"
EndProject
Project("{FAE04EC0-301F-11D3-BF4B-00C04F79EFBC}") = "eOperationlib", "eOperationlib\eOperationlib.csproj", "{0B371D15-DA18-4740-96B1-812CB86A6202}"
EndProject
Project("{9A19103F-16F7-4668-BE54-9A1E7A4F7556}") = "Jewellery_store_API", "Jewellery_store_API\Jewellery_store_API.csproj", "{96180C27-3008-499A-B567-8CFC3148E44E}"
EndProject
Global
	GlobalSection(SolutionConfigurationPlatforms) = preSolution
		Debug|Any CPU = Debug|Any CPU
		Release|Any CPU = Release|Any CPU
	EndGlobalSection
	GlobalSection(ProjectConfigurationPlatforms) = postSolution
		{EEA38B8F-7362-485F-BB98-939913C6E90D}.Debug|Any CPU.ActiveCfg = Debug|Any CPU
		{EEA38B8F-7362-485F-BB98-939913C6E90D}.Debug|Any CPU.Build.0 = Debug|Any CPU
		{EEA38B8F-7362-485F-BB98-939913C6E90D}.Release|Any CPU.ActiveCfg = Release|Any CPU
		{EEA38B8F-7362-485F-BB98-939913C6E90D}.Release|Any CPU.Build.0 = Release|Any CPU
		{0B371D15-DA18-4740-96B1-812CB86A6202}.Debug|Any CPU.ActiveCfg = Debug|Any CPU
		{0B371D15-DA18-4740-96B1-812CB86A6202}.Debug|Any CPU.Build.0 = Debug|Any CPU
		{0B371D15-DA18-4740-96B1-812CB86A6202}.Release|Any CPU.ActiveCfg = Release|Any CPU
		{0B371D15-DA18-4740-96B1-812CB86A6202}.Release|Any CPU.Build.0 = Release|Any CPU
		{96180C27-3008-499A-B567-8CFC3148E44E}.Debug|Any CPU.ActiveCfg = Debug|Any CPU
		{96180C27-3008-499A-B567-8CFC3148E44E}.Debug|Any CPU.Build.0 = Debug|Any CPU
		{96180C27-3008-499A-B567-8CFC3148E44E}.Release|Any CPU.ActiveCfg = Release|Any CPU
		{96180C27-3008-499A-B567-8CFC3148E44E}.Release|Any CPU.Build.0 = Release|Any CPU
	EndGlobalSection
	GlobalSection(SolutionProperties) = preSolution
		HideSolutionNode = FALSE
	EndGlobalSection
	GlobalSection(ExtensibilityGlobals) = postSolution
		SolutionGuid = {9D20A6A9-A870-4A2C-B62B-C0AF453F5E1D}
	EndGlobalSection
EndGlobal
